
Microsoft Visual Studio Solution File, Format Version 12.00
# Visual Studio Version 16
VisualStudioVersion = 16.0.30309.148
MinimumVisualStudioVersion = 10.0.40219.1
Project("{FAE04EC0-301F-11D3-BF4B-00C04F79EFBC}") = "TestEvents", "TestEvents\TestEvents.csproj", "{38B4D972-5337-4F4C-854A-117B141A9BA4}"
EndProject
Global
	GlobalSection(SolutionConfigurationPlatforms) = preSolution
		Debug|Any CPU = Debug|Any CPU
		Release|Any CPU = Release|Any CPU
	EndGlobalSection
	GlobalSection(ProjectConfigurationPlatforms) = postSolution
		{38B4D972-5337-4F4C-854A-117B141A9BA4}.Debug|Any CPU.ActiveCfg = Debug|Any CPU
		{38B4D972-5337-4F4C-854A-117B141A9BA4}.Debug|Any CPU.Build.0 = Debug|Any CPU
		{38B4D972-5337-4F4C-854A-117B141A9BA4}.Release|Any CPU.ActiveCfg = Release|Any CPU
		{38B4D972-5337-4F4C-854A-117B141A9BA4}.Release|Any CPU.Build.0 = Release|Any CPU
	EndGlobalSection
	GlobalSection(SolutionProperties) = preSolution
		HideSolutionNode = FALSE
	EndGlobalSection
	GlobalSection(ExtensibilityGlobals) = postSolution
		SolutionGuid = {B1050D29-473B-4477-BE9B-A46CA87841D8}
	EndGlobalSection
EndGlobal
